Microsoft Visual Studio Solution File, Format Version 12.00
# Visual Studio Version 17
VisualStudioVersion = 17.12.35707.178
MinimumVisualStudioVersion = 10.0.40219.1
Project("{9A19103F-16F7-4668-BE54-9A1E7A4F7556}") = "Kata.Db.Console", "Kata.Db.Console\Kata.Db.Console.csproj", "{3D80A2BD-4D31-4326-8C85-92EAD7E182E2}"
EndProject
Project("{2150E333-8FDC-42A3-9474-1A3956D46DE8}") = "Kada.Data.Migration", "Kada.Data.Migration", "{02EA681E-C7D8-13C7-8484-4AC65E1B71E8}"
EndProject
Project("{FAE04EC0-301F-11D3-BF4B-00C04F79EFBC}") = "Kata.Data.Migration", "Kata.Data.Migration\Kata.Data.Migration.csproj", "{454E7ABE-687D-4225-A273-F4B289B11AE2}"
EndProject
Project("{FAE04EC0-301F-11D3-BF4B-00C04F79EFBC}") = "Kata.Data.Migration.Tests", "Kata.Data.Migration.Tests\Kata.Data.Migration.Tests.csproj", "{998CDF77-B220-46C9-AF6D-694119BBD083}"
EndProject
Global
	GlobalSection(SolutionConfigurationPlatforms) = preSolution
		Debug|Any CPU = Debug|Any CPU
		Release|Any CPU = Release|Any CPU
	EndGlobalSection
	GlobalSection(ProjectConfigurationPlatforms) = postSolution
		{3D80A2BD-4D31-4326-8C85-92EAD7E182E2}.Debug|Any CPU.ActiveCfg = Debug|Any CPU
		{3D80A2BD-4D31-4326-8C85-92EAD7E182E2}.Debug|Any CPU.Build.0 = Debug|Any CPU
		{3D80A2BD-4D31-4326-8C85-92EAD7E182E2}.Release|Any CPU.ActiveCfg = Release|Any CPU
		{3D80A2BD-4D31-4326-8C85-92EAD7E182E2}.Release|Any CPU.Build.0 = Release|Any CPU
		{454E7ABE-687D-4225-A273-F4B289B11AE2}.Debug|Any CPU.ActiveCfg = Debug|Any CPU
		{454E7ABE-687D-4225-A273-F4B289B11AE2}.Debug|Any CPU.Build.0 = Debug|Any CPU
		{454E7ABE-687D-4225-A273-F4B289B11AE2}.Release|Any CPU.ActiveCfg = Release|Any CPU
		{454E7ABE-687D-4225-A273-F4B289B11AE2}.Release|Any CPU.Build.0 = Release|Any CPU
		{998CDF77-B220-46C9-AF6D-694119BBD083}.Debug|Any CPU.ActiveCfg = Debug|Any CPU
		{998CDF77-B220-46C9-AF6D-694119BBD083}.Debug|Any CPU.Build.0 = Debug|Any CPU
		{998CDF77-B220-46C9-AF6D-694119BBD083}.Release|Any CPU.ActiveCfg = Release|Any CPU
		{998CDF77-B220-46C9-AF6D-694119BBD083}.Release|Any CPU.Build.0 = Release|Any CPU
	EndGlobalSection
	GlobalSection(SolutionProperties) = preSolution
		HideSolutionNode = FALSE
	EndGlobalSection
	GlobalSection(NestedProjects) = preSolution
		{454E7ABE-687D-4225-A273-F4B289B11AE2} = {02EA681E-C7D8-13C7-8484-4AC65E1B71E8}
		{998CDF77-B220-46C9-AF6D-694119BBD083} = {02EA681E-C7D8-13C7-8484-4AC65E1B71E8}
	EndGlobalSection
	GlobalSection(ExtensibilityGlobals) = postSolution
		SolutionGuid = {94FF45CB-7EEC-4CEA-B3D6-432ADD4117CD}
	EndGlobalSection
EndGlobal
